{
    "_meta": {
        "hash": {
            "sha256": "3844d732bc422989eef5bcfb2ee0a4b7384732ca3b2d95873720a856ad3d997c"
        },
        "pipfile-spec": 6,
        "requires": {
            "python_version": "3.8"
        },
        "sources": [
            {
                "name": "pypi",
                "url": "https://pypi.org/simple",
                "verify_ssl": true
            }
        ]
    },
    "default": {
        "ddt": {
            "hashes": [
                "sha256:439f163a149d47761bcb11fefdd7327c7bc9262fa1c53f5929f643a6faa6d454",
                "sha256:8de39a69730442dc835e4d33f9d2e33043ff91151c8d18086959ee556febb9f8"
            ],
            "index": "pypi",
            "version": "==1.4.4"
        }
    },
    "develop": {}
}
